Microsoft Visual Studio Solution File, Format Version 12.00
# Visual Studio Version 17
VisualStudioVersion = 17.5.2.0
MinimumVisualStudioVersion = 10.0.40219.1
Project("{FAE04EC0-301F-11D3-BF4B-00C04F79EFBC}") = "MediSure-Clinic", "MediSure-Clinic\MediSure-Clinic.csproj", "{8C24F7F0-D348-397E-1424-55BCF4F28497}"
EndProject
Global
	GlobalSection(SolutionConfigurationPlatforms) = preSolution
		Debug|Any CPU = Debug|Any CPU
		Release|Any CPU = Release|Any CPU
	EndGlobalSection
	GlobalSection(ProjectConfigurationPlatforms) = postSolution
		{8C24F7F0-D348-397E-1424-55BCF4F28497}.Debug|Any CPU.ActiveCfg = Debug|Any CPU
		{8C24F7F0-D348-397E-1424-55BCF4F28497}.Debug|Any CPU.Build.0 = Debug|Any CPU
		{8C24F7F0-D348-397E-1424-55BCF4F28497}.Release|Any CPU.ActiveCfg = Release|Any CPU
		{8C24F7F0-D348-397E-1424-55BCF4F28497}.Release|Any CPU.Build.0 = Release|Any CPU
	EndGlobalSection
	GlobalSection(SolutionProperties) = preSolution
		HideSolutionNode = FALSE
	EndGlobalSection
	GlobalSection(ExtensibilityGlobals) = postSolution
		SolutionGuid = {4FF5C038-7BD4-4943-A993-5E611B8EF931}
	EndGlobalSection
EndGlobal
