Microsoft Visual Studio Solution File, Format Version 12.00
# Visual Studio Version 17
VisualStudioVersion = 17.5.2.0
MinimumVisualStudioVersion = 10.0.40219.1
Project("{FAE04EC0-301F-11D3-BF4B-00C04F79EFBC}") = "StreamBuzz", "StreamBuzz\StreamBuzz.csproj", "{C756F5F3-02B7-1A74-AA57-1BDDD1E4A32C}"
EndProject
Global
	GlobalSection(SolutionConfigurationPlatforms) = preSolution
		Debug|Any CPU = Debug|Any CPU
		Release|Any CPU = Release|Any CPU
	EndGlobalSection
	GlobalSection(ProjectConfigurationPlatforms) = postSolution
		{C756F5F3-02B7-1A74-AA57-1BDDD1E4A32C}.Debug|Any CPU.ActiveCfg = Debug|Any CPU
		{C756F5F3-02B7-1A74-AA57-1BDDD1E4A32C}.Debug|Any CPU.Build.0 = Debug|Any CPU
		{C756F5F3-02B7-1A74-AA57-1BDDD1E4A32C}.Release|Any CPU.ActiveCfg = Release|Any CPU
		{C756F5F3-02B7-1A74-AA57-1BDDD1E4A32C}.Release|Any CPU.Build.0 = Release|Any CPU
	EndGlobalSection
	GlobalSection(SolutionProperties) = preSolution
		HideSolutionNode = FALSE
	EndGlobalSection
	GlobalSection(ExtensibilityGlobals) = postSolution
		SolutionGuid = {9C711C93-BEDA-4954-856E-7429B284FF7E}
	EndGlobalSection
EndGlobal
